{
  "version": 4,
  "terraform_version": "1.13.2",
  "serial": 1,
  "lineage": "1123131a-e167-eb75-2499-9ddafbedc3f4",
  "outputs": {
    "ecr_repository_url": {
      "value": "101573021650.dkr.ecr.us-east-1.amazonaws.com/enisai",
      "type": "string"
    },
    "ecs_cluster_name": {
      "value": null,
      "type": "string"
    },
    "ecs_service_name": {
      "value": "enisai-service",
      "type": "string"
    }
  },
  "resources": [
    {
      "mode": "data",
      "type": "aws_ecr_repository",
      "name": "enisai",
      "provider": "provider[\"registry.terraform.io/hashicorp/aws\"]",
      "instances": [
        {
          "schema_version": 0,
          "attributes": {
            "arn": "arn:aws:ecr:us-east-1:101573021650:repository/enisai",
            "encryption_configuration": [
              {
                "encryption_type": "AES256",
                "kms_key": ""
              }
            ],
            "id": "enisai",
            "image_scanning_configuration": [
              {
                "scan_on_push": false
              }
            ],
            "image_tag_mutability": "MUTABLE",
            "most_recent_image_tags": [
              "ca88081783b2501b1822436dba6adbb0fcc91b66"
            ],
            "name": "enisai",
            "registry_id": "101573021650",
            "repository_url": "101573021650.dkr.ecr.us-east-1.amazonaws.com/enisai",
            "tags": {}
          },
          "sensitive_attributes": [],
          "identity_schema_version": 0
        }
      ]
    },
    {
      "mode": "data",
      "type": "aws_iam_role",
      "name": "ecs_execution_role",
      "provider": "provider[\"registry.terraform.io/hashicorp/aws\"]",
      "instances": [
        {
          "schema_version": 0,
          "attributes": {
            "arn": "arn:aws:iam::101573021650:role/enisai-ecs-execution-role",
            "assume_role_policy": "{\"Version\":\"2012-10-17\",\"Statement\":[{\"Effect\":\"Allow\",\"Principal\":{\"Service\":\"ecs-tasks.amazonaws.com\"},\"Action\":\"sts:AssumeRole\"}]}",
            "create_date": "2025-09-14T13:13:19Z",
            "description": "",
            "id": "enisai-ecs-execution-role",
            "max_session_duration": 3600,
            "name": "enisai-ecs-execution-role",
            "path": "/",
            "permissions_boundary": "",
            "role_last_used": [
              {
                "last_used_date": "2025-09-14T13:31:35Z",
                "region": "us-east-1"
              }
            ],
            "tags": {},
            "unique_id": "AROARPJRZJ7JFJ5VCKVGK"
          },
          "sensitive_attributes": [],
          "identity_schema_version": 0
        }
      ]
    },
    {
      "mode": "data",
      "type": "aws_security_group",
      "name": "enisai",
      "provider": "provider[\"registry.terraform.io/hashicorp/aws\"]",
      "instances": [
        {
          "schema_version": 0,
          "attributes": {
            "arn": "arn:aws:ec2:us-east-1:101573021650:security-group/sg-032659e97344ca299",
            "description": "Allow HTTP app, Prometheus, Grafana",
            "filter": null,
            "id": "sg-032659e97344ca299",
            "name": "enisai-sg",
            "tags": {},
            "timeouts": null,
            "vpc_id": "vpc-024f45b44fc2506c2"
          },
          "sensitive_attributes": [],
          "identity_schema_version": 0
        }
      ]
    },
    {
      "mode": "data",
      "type": "aws_subnets",
      "name": "default",
      "provider": "provider[\"registry.terraform.io/hashicorp/aws\"]",
      "instances": [
        {
          "schema_version": 0,
          "attributes": {
            "filter": [
              {
                "name": "vpc-id",
                "values": [
                  "vpc-024f45b44fc2506c2"
                ]
              }
            ],
            "id": "us-east-1",
            "ids": [
              "subnet-05f2addaa4ed91eff",
              "subnet-07850476fa8e79eb8",
              "subnet-0f81b334bf1d98516",
              "subnet-06b27d08d5e2b1ad7",
              "subnet-04d8dc5690180b51a",
              "subnet-002e68c70ad3c74fa"
            ],
            "tags": null,
            "timeouts": null
          },
          "sensitive_attributes": [],
          "identity_schema_version": 0
        }
      ]
    },
    {
      "mode": "data",
      "type": "aws_vpc",
      "name": "default",
      "provider": "provider[\"registry.terraform.io/hashicorp/aws\"]",
      "instances": [
        {
          "schema_version": 0,
          "attributes": {
            "arn": "arn:aws:ec2:us-east-1:101573021650:vpc/vpc-024f45b44fc2506c2",
            "cidr_block": "172.31.0.0/16",
            "cidr_block_associations": [
              {
                "association_id": "vpc-cidr-assoc-06847b0e7b07d5b59",
                "cidr_block": "172.31.0.0/16",
                "state": "associated"
              }
            ],
            "default": true,
            "dhcp_options_id": "dopt-015bd44efe27bddfa",
            "enable_dns_hostnames": true,
            "enable_dns_support": true,
            "enable_network_address_usage_metrics": false,
            "filter": null,
            "id": "vpc-024f45b44fc2506c2",
            "instance_tenancy": "default",
            "ipv6_association_id": "",
            "ipv6_cidr_block": "",
            "main_route_table_id": "rtb-01b16d8047acc64a8",
            "owner_id": "101573021650",
            "state": null,
            "tags": {},
            "timeouts": null
          },
          "sensitive_attributes": [],
          "identity_schema_version": 0
        }
      ]
    },
    {
      "mode": "managed",
      "type": "aws_ecs_service",
      "name": "enisai",
      "provider": "provider[\"registry.terraform.io/hashicorp/aws\"]",
      "instances": [
        {
          "schema_version": 1,
          "attributes": {
            "alarms": [],
            "availability_zone_rebalancing": "DISABLED",
            "capacity_provider_strategy": [],
            "cluster": "arn:aws:ecs:us-east-1:101573021650:cluster/enisai-cluster",
            "deployment_circuit_breaker": [
              {
                "enable": false,
                "rollback": false
              }
            ],
            "deployment_controller": [
              {
                "type": "ECS"
              }
            ],
            "deployment_maximum_percent": 200,
            "deployment_minimum_healthy_percent": 100,
            "desired_count": 1,
            "enable_ecs_managed_tags": false,
            "enable_execute_command": false,
            "force_delete": null,
            "force_new_deployment": null,
            "health_check_grace_period_seconds": 0,
            "iam_role": "/aws-service-role/ecs.amazonaws.com/AWSServiceRoleForECS",
            "id": "arn:aws:ecs:us-east-1:101573021650:service/enisai-cluster/enisai-service",
            "launch_type": "FARGATE",
            "load_balancer": [],
            "name": "enisai-service",
            "network_configuration": [
              {
                "assign_public_ip": true,
                "security_groups": [
                  "sg-032659e97344ca299"
                ],
                "subnets": [
                  "subnet-002e68c70ad3c74fa",
                  "subnet-04d8dc5690180b51a",
                  "subnet-05f2addaa4ed91eff",
                  "subnet-06b27d08d5e2b1ad7",
                  "subnet-07850476fa8e79eb8",
                  "subnet-0f81b334bf1d98516"
                ]
              }
            ],
            "ordered_placement_strategy": [],
            "placement_constraints": [],
            "platform_version": "LATEST",
            "propagate_tags": "NONE",
            "scheduling_strategy": "REPLICA",
            "service_connect_configuration": [],
            "service_registries": [],
            "tags": {},
            "tags_all": {},
            "task_definition": "enisai:1",
            "timeouts": null,
            "triggers": {},
            "volume_configuration": [],
            "vpc_lattice_configurations": [],
            "wait_for_steady_state": null
          },
          "sensitive_attributes": [],
          "identity_schema_version": 0,
          "private": "eyJlMmJmYjczMC1lY2FhLTExZTYtOGY4OC0zNDM2M2JjN2M0YzAiOnsiY3JlYXRlIjoxMjAwMDAwMDAwMDAwLCJkZWxldGUiOjEyMDAwMDAwMDAwMDAsInVwZGF0ZSI6MTIwMDAwMDAwMDAwMH0sInNjaGVtYV92ZXJzaW9uIjoiMSJ9"
        }
      ]
    }
  ],
  "check_results": null
}
